{
  "requires": true,
  "lockfileVersion": 1,
  "dependencies": {
    "@angular/common": {
      "version": "5.2.2",
      "resolved": "https://registry.npmjs.org/@angular/common/-/common-5.2.2.tgz",
      "integrity": "sha512-heon7Bdu6SUw/6ma9wEDxrxBJY2V+NSUv7ZVY7HaXESWvxKUGaser5vQIsWghvBg1injSxyw/3BqGFflua/3sQ==",
      "requires": {
        "tslib": "1.9.0"
      }
    },
    "@angular/core": {
      "version": "5.2.2",
      "resolved": "https://registry.npmjs.org/@angular/core/-/core-5.2.2.tgz",
      "integrity": "sha512-SycTFvlJUHzYvqRYM0DQQUewSo0IPL3Vfo9MOwSJvhS5mXCP1+QW0IIhI8CyWy+40L3dIWlYnn0754z5IJikdg==",
      "requires": {
        "tslib": "1.9.0"
      }
    },
    "@angular/forms": {
      "version": "5.2.2",
      "resolved": "https://registry.npmjs.org/@angular/forms/-/forms-5.2.2.tgz",
      "integrity": "sha512-mvY3p0s7TDfc78tHFID11N1UF+5HZNy26poujOTI2q5m0BgM2JskFaQxWBdLT0OLutqV6NYeaHXUwmqsD4TGVg==",
      "requires": {
        "tslib": "1.9.0"
      }
    },
    "@angular/http": {
      "version": "5.2.2",
      "resolved": "https://registry.npmjs.org/@angular/http/-/http-5.2.2.tgz",
      "integrity": "sha512-MG7ClwOs9gQgAIjKa6WulUmLyWmKbY8qwX1osVn4cTuGtnpcyTiqruOwrS3DzY6doE8qsu2y5VURt3Ncs0SE6Q==",
      "requires": {
        "tslib": "1.9.0"
      }
    },
    "@angular/router": {
      "version": "5.2.2",
      "resolved": "https://registry.npmjs.org/@angular/router/-/router-5.2.2.tgz",
      "integrity": "sha512-Yn71rFMMyIjwairBWGcUFbdiAVuTp7y5yEin8vJK3DAWgTyk0FYfhKHY3r9NofNH9M7Id53WafC02+3SseFBlA==",
      "requires": {
        "tslib": "1.9.0"
      }
    },
    "@ionic-native/core": {
      "version": "4.5.3",
      "resolved": "https://registry.npmjs.org/@ionic-native/core/-/core-4.5.3.tgz",
      "integrity": "sha512-Z/U9FsWTDU4sqVvTOAtUcCWECJNRkjDO8ArSrLmkWFKaCtd8gWBJNtIVNB227xPdpgc67xyoijEXY6+XaYLXxg=="
    },
    "@ionic-native/in-app-browser": {
      "version": "4.5.3",
      "resolved": "https://registry.npmjs.org/@ionic-native/in-app-browser/-/in-app-browser-4.5.3.tgz",
      "integrity": "sha512-pK2oKghCOYP/PM/NVhm9VmdsfI7cBNjd9X8NMfxNqJij+FpxzcC15pJFH0zCHeaCC/R2vLF31QZjz2IpHhW01g=="
    },
    "angular2-token": {
      "version": "0.2.0-beta.14",
      "resolved": "https://registry.npmjs.org/angular2-token/-/angular2-token-0.2.0-beta.14.tgz",
      "integrity": "sha512-ISN8BsARTmcSL9Mp/QGzBRa8tD4bR/hJdgcrCe8/Jen9aXA2SVi1Ymz1+MuDLN6tZqaR0OV02099jEvHpDDNPg=="
    },
    "angular2-token-ionic3": {
      "version": "0.0.1",
      "resolved": "https://registry.npmjs.org/angular2-token-ionic3/-/angular2-token-ionic3-0.0.1.tgz",
      "integrity": "sha512-9Yu7cA7eO/JZ7WUI1/2p/DpvnzvEo8iTIPtiP9ub8CNIoVr0NtC9F9AfRYNzMOq7mkEA2DYjxY03Krsfixj/8w==",
      "requires": {
        "@ionic-native/core": "4.5.3",
        "@ionic-native/in-app-browser": "4.5.3",
        "ionic-angular": "3.9.2"
      }
    },
    "ionic-angular": {
      "version": "3.9.2",
      "resolved": "https://registry.npmjs.org/ionic-angular/-/ionic-angular-3.9.2.tgz",
      "integrity": "sha512-BEZ6magY1i5GwM9ki/MOpszUz62+g518HsGICtw9TE1D4v9Eb6n/o7e+X0vtvpK4TdouFjQ8r5XA9VPAKW9/+Q=="
    },
    "tslib": {
      "version": "1.9.0",
      "resolved": "https://registry.npmjs.org/tslib/-/tslib-1.9.0.tgz",
      "integrity": "sha512-f/qGG2tUkrISBlQZEjEqoZ3B2+npJjIf04H1wuAv9iA8i04Icp+61KRXxFdha22670NJopsZCIjhC3SnjPRKrQ=="
    }
  }
}
